{
  "name": "disnode-lite",
  "version": "0.0.1",
  "lockfileVersion": 1,
  "requires": true,
  "dependencies": {
    "async": {
      "version": "https://registry.npmjs.org/async/-/async-2.5.0.tgz",
      "integrity": "sha1-hDGQ/WtzV6C54clW7d3V7IRitU0=",
      "requires": {
        "lodash": "https://registry.npmjs.org/lodash/-/lodash-4.17.4.tgz"
      }
    },
    "async-listener": {
      "version": "https://registry.npmjs.org/async-listener/-/async-listener-0.6.7.tgz",
      "integrity": "sha1-eTlxzm9DHkH3XO9sChcGuQU+TVs=",
      "requires": {
        "semver": "https://registry.npmjs.org/semver/-/semver-5.4.1.tgz",
        "shimmer": "https://registry.npmjs.org/shimmer/-/shimmer-1.1.0.tgz"
      }
    },
    "axios": {
      "version": "https://registry.npmjs.org/axios/-/axios-0.16.2.tgz",
      "integrity": "sha1-uk+S8XFn37q0CYN4VFS5rBScPG0=",
      "requires": {
        "follow-redirects": "https://registry.npmjs.org/follow-redirects/-/follow-redirects-1.2.4.tgz",
        "is-buffer": "https://registry.npmjs.org/is-buffer/-/is-buffer-1.1.5.tgz"
      }
    },
    "cali-db": {
      "version": "0.0.4",
      "resolved": "https://registry.npmjs.org/cali-db/-/cali-db-0.0.4.tgz",
      "integrity": "sha512-WpgqKT/yOQR4tSaNgavVTVQq7yDVfZ5zud52d4IMnF18IuDGcgu7axa+0SG99Z36v5PpTHyaigII/AVGFNe6Ow==",
      "requires": {
        "mkdirp": "0.5.1"
      }
    },
    "colors": {
      "version": "https://registry.npmjs.org/colors/-/colors-1.1.2.tgz",
      "integrity": "sha1-FopHAXVran9RoSzgyXv6KMCE7WM="
    },
    "continuation-local-storage": {
      "version": "https://registry.npmjs.org/continuation-local-storage/-/continuation-local-storage-3.2.0.tgz",
      "integrity": "sha1-4Z/Da1lwkKXU5KOy6j68XilpSiQ=",
      "requires": {
        "async-listener": "https://registry.npmjs.org/async-listener/-/async-listener-0.6.7.tgz",
        "emitter-listener": "https://registry.npmjs.org/emitter-listener/-/emitter-listener-1.0.1.tgz"
      }
    },
    "debug": {
      "version": "https://registry.npmjs.org/debug/-/debug-2.6.8.tgz",
      "integrity": "sha1-5zFTHKLt4n0YgiJCfaF4IdaP9Pw=",
      "requires": {
        "ms": "https://registry.npmjs.org/ms/-/ms-2.0.0.tgz"
      }
    },
    "disnode-logger": {
      "version": "https://registry.npmjs.org/disnode-logger/-/disnode-logger-0.1.1.tgz",
      "integrity": "sha1-c/8Rkaw7unLtigqm+UjxlDCDi2Y=",
      "requires": {
        "colors": "https://registry.npmjs.org/colors/-/colors-1.1.2.tgz",
        "pmx": "https://registry.npmjs.org/pmx/-/pmx-1.2.0.tgz"
      }
    },
    "docdash": {
      "version": "https://registry.npmjs.org/docdash/-/docdash-0.4.0.tgz",
      "integrity": "sha1-BcOlDYMYmYFpnuDAdtOjlQ237AA=",
      "dev": true
    },
    "emitter-listener": {
      "version": "https://registry.npmjs.org/emitter-listener/-/emitter-listener-1.0.1.tgz",
      "integrity": "sha1-skmepuWCMKUsJo1d8mHuzZ8Q/pc=",
      "requires": {
        "shimmer": "https://registry.npmjs.org/shimmer/-/shimmer-1.0.0.tgz"
      },
      "dependencies": {
        "shimmer": {
          "version": "https://registry.npmjs.org/shimmer/-/shimmer-1.0.0.tgz",
          "integrity": "sha1-ScLXHGeDYLgCvhiyeDgtHLuAXDk="
        }
      }
    },
    "extend": {
      "version": "https://registry.npmjs.org/extend/-/extend-3.0.1.tgz",
      "integrity": "sha1-p1Xqe8Gt/MWjHOfnYtuq3F5jZEQ="
    },
    "follow-redirects": {
      "version": "https://registry.npmjs.org/follow-redirects/-/follow-redirects-1.2.4.tgz",
      "integrity": "sha1-NV6PTRaHa0P1d7DVziZouXIyFOo=",
      "requires": {
        "debug": "https://registry.npmjs.org/debug/-/debug-2.6.8.tgz"
      }
    },
    "is": {
      "version": "https://registry.npmjs.org/is/-/is-3.2.1.tgz",
      "integrity": "sha1-0Kwq1V63sL7JJqUmb2xmKqqD3KU="
    },
    "is-buffer": {
      "version": "https://registry.npmjs.org/is-buffer/-/is-buffer-1.1.5.tgz",
      "integrity": "sha1-Hzsm72E7IUuIy8ojzGwB2Hlh7sw="
    },
    "json-stringify-safe": {
      "version": "https://registry.npmjs.org/json-stringify-safe/-/json-stringify-safe-5.0.1.tgz",
      "integrity": "sha1-Epai1Y/UXxmg9s4B1lcB4sc1tus="
    },
    "lodash": {
      "version": "https://registry.npmjs.org/lodash/-/lodash-4.17.4.tgz",
      "integrity": "sha1-eCA6TRwyiuHYbcpkYONptX9AVa4="
    },
    "lodash.findindex": {
      "version": "https://registry.npmjs.org/lodash.findindex/-/lodash.findindex-4.6.0.tgz",
      "integrity": "sha1-oyRd7mH7m24GJLU1ElYku2nBEQY="
    },
    "lodash.isequal": {
      "version": "https://registry.npmjs.org/lodash.isequal/-/lodash.isequal-4.5.0.tgz",
      "integrity": "sha1-QVxEePK8wwEgwizhDtMib30+GOA="
    },
    "lodash.merge": {
      "version": "https://registry.npmjs.org/lodash.merge/-/lodash.merge-4.6.0.tgz",
      "integrity": "sha1-aYhLoUSsM/5plzemCG3v+t0PicU="
    },
    "methods": {
      "version": "https://registry.npmjs.org/methods/-/methods-1.1.2.tgz",
      "integrity": "sha1-VSmk1nZUE07cxSZmVoNbD4Ua/O4="
    },
    "minimist": {
      "version": "0.0.8",
      "resolved": "https://registry.npmjs.org/minimist/-/minimist-0.0.8.tgz",
      "integrity": "sha1-hX/Kv8M5fSYluCKCYuhqp6ARsF0="
    },
    "mkdirp": {
      "version": "0.5.1",
      "resolved": "https://registry.npmjs.org/mkdirp/-/mkdirp-0.5.1.tgz",
      "integrity": "sha1-MAV0OOrGz3+MR2fzhkjWaX11yQM=",
      "requires": {
        "minimist": "0.0.8"
      }
    },
    "ms": {
      "version": "https://registry.npmjs.org/ms/-/ms-2.0.0.tgz",
      "integrity": "sha1-VgiurfwAvmwpAd9fmGF4jeDVl8g="
    },
    "pmx": {
      "version": "https://registry.npmjs.org/pmx/-/pmx-1.2.0.tgz",
      "integrity": "sha1-cSqeH96lOpsGEWnMdnaxSDjIdYU=",
      "requires": {
        "debug": "https://registry.npmjs.org/debug/-/debug-2.6.8.tgz",
        "json-stringify-safe": "https://registry.npmjs.org/json-stringify-safe/-/json-stringify-safe-5.0.1.tgz",
        "vxx": "https://registry.npmjs.org/vxx/-/vxx-1.2.2.tgz"
      }
    },
    "safe-buffer": {
      "version": "https://registry.npmjs.org/safe-buffer/-/safe-buffer-5.1.1.tgz",
      "integrity": "sha1-iTMSr2myEj3vcfV4iQAWce6yyFM="
    },
    "semver": {
      "version": "https://registry.npmjs.org/semver/-/semver-5.4.1.tgz",
      "integrity": "sha1-4FnAnYVx8FQII3M0M1BdOi8AsY4="
    },
    "shimmer": {
      "version": "https://registry.npmjs.org/shimmer/-/shimmer-1.1.0.tgz",
      "integrity": "sha1-l9c3cTf/u6tCVSLkKf4KqJpIizU="
    },
    "ultron": {
      "version": "https://registry.npmjs.org/ultron/-/ultron-1.1.0.tgz",
      "integrity": "sha1-sHoualQagV/Go0zNRTO67DB8qGQ="
    },
    "uuid": {
      "version": "https://registry.npmjs.org/uuid/-/uuid-3.1.0.tgz",
      "integrity": "sha1-PdPT55Crwk17DToDT/q6vijrvAQ="
    },
    "vxx": {
      "version": "https://registry.npmjs.org/vxx/-/vxx-1.2.2.tgz",
      "integrity": "sha1-dB+1HG8R0zg9pvm5IBil17qAdhE=",
      "requires": {
        "continuation-local-storage": "https://registry.npmjs.org/continuation-local-storage/-/continuation-local-storage-3.2.0.tgz",
        "debug": "https://registry.npmjs.org/debug/-/debug-2.6.8.tgz",
        "extend": "https://registry.npmjs.org/extend/-/extend-3.0.1.tgz",
        "is": "https://registry.npmjs.org/is/-/is-3.2.1.tgz",
        "lodash.findindex": "https://registry.npmjs.org/lodash.findindex/-/lodash.findindex-4.6.0.tgz",
        "lodash.isequal": "https://registry.npmjs.org/lodash.isequal/-/lodash.isequal-4.5.0.tgz",
        "lodash.merge": "https://registry.npmjs.org/lodash.merge/-/lodash.merge-4.6.0.tgz",
        "methods": "https://registry.npmjs.org/methods/-/methods-1.1.2.tgz",
        "semver": "https://registry.npmjs.org/semver/-/semver-5.4.1.tgz",
        "shimmer": "https://registry.npmjs.org/shimmer/-/shimmer-1.1.0.tgz",
        "uuid": "https://registry.npmjs.org/uuid/-/uuid-3.1.0.tgz"
      }
    },
    "ws": {
      "version": "https://registry.npmjs.org/ws/-/ws-3.1.0.tgz",
      "integrity": "sha1-ivr+zeq0bVcuU5fuiAc5Nnqi9Bw=",
      "requires": {
        "safe-buffer": "https://registry.npmjs.org/safe-buffer/-/safe-buffer-5.1.1.tgz",
        "ultron": "https://registry.npmjs.org/ultron/-/ultron-1.1.0.tgz"
      }
    }
  }
}
